Microsoft Visual Studio Solution File, Format Version 7.00
Project("{54435603-DBB4-11D2-8724-00A0C9A8B90C}") = "Setup", "Setup.vdproj", "{C2B6654A-3B77-4274-9DAA-1CBEE6F59217}"
EndProject
Global
	GlobalSection(SolutionConfiguration) = preSolution
		ConfigName.0 = Debug
		ConfigName.1 = Release
	EndGlobalSection
	GlobalSection(ProjectDependencies) = postSolution
	EndGlobalSection
	GlobalSection(ProjectConfiguration) = postSolution
		{C2B6654A-3B77-4274-9DAA-1CBEE6F59217}.Debug.ActiveCfg = Debug
		{C2B6654A-3B77-4274-9DAA-1CBEE6F59217}.Debug.Build.0 = Debug
		{C2B6654A-3B77-4274-9DAA-1CBEE6F59217}.Release.ActiveCfg = Release
		{C2B6654A-3B77-4274-9DAA-1CBEE6F59217}.Release.Build.0 = Release
	EndGlobalSection
	GlobalSection(ExtensibilityGlobals) = postSolution
	EndGlobalSection
	GlobalSection(ExtensibilityAddIns) = postSolution
	EndGlobalSection
EndGlobal
